<Solution>
  <Project Path="DebugDuck/DebugDuck.csproj" Id="f8cbd084-4c20-45ce-8df4-15130e169940" />
  <Folder Name="/DebugDuck.Web/">
    <File Path="docs/index.html" />
    <File Path="docs/styles.css" />
    <File Path="docs/js/main.js" />
    <File Path="docs/js/duck.js" />
    <File Path="docs/js/duck-brain.js" />
    <File Path="docs/js/duck-sound.js" />
    <File Path="docs/js/chat-bubble.js" />
    <File Path="docs/js/chat-history.js" />
    <File Path="docs/js/history-view.js" />
    <File Path="docs/js/about.js" />
  </Folder>
</Solution>
